// !$*UTF8*$!
{
	archiveVersion = 1;
	classes = {
	};
	objectVersion = 77;
	objects = {

/* Begin PBXBuildFile section */
		41F282BD90E66A9AD9A5861F /* BrowseModels.swift in Sources */ = {isa = PBXBuildFile; fileRef = 3421DF2A3086891AE8F2CF05 /* BrowseModels.swift */; };
		4A81169B92C6860E0F9A0063 /* PlanningPanel.swift in Sources */ = {isa = PBXBuildFile; fileRef = 3EE227589903682313B4BB7C /* PlanningPanel.swift */; };
		4C14AEEB66A637EB8AFA200D /* default-destination-fallback.json in Resources */ = {isa = PBXBuildFile; fileRef = BAE3E55E59417244266E684F /* default-destination-fallback.json */; };
		51856EF4ADC7716004857868 /* crossing-interval-inspection.json in Resources */ = {isa = PBXBuildFile; fileRef = A976DB7912080A9359A42657 /* crossing-interval-inspection.json */; };
		5304865C5961811BD71D0793 /* PlanningContractTests.swift in Sources */ = {isa = PBXBuildFile; fileRef = CB1AA07079DB9A3FA0ED691D /* PlanningContractTests.swift */; };
		5F89979F73CCA8C5CEB97F53 /* WatchRootView.swift in Sources */ = {isa = PBXBuildFile; fileRef = E2334348096308B55FE4C36B /* WatchRootView.swift */; };
		639BC3D1840A8CFD84D80F74 /* AppConfig.swift in Sources */ = {isa = PBXBuildFile; fileRef = 1A65D0D0F1368EBD84C5B2AD /* AppConfig.swift */; };
		6589FD79DC4EB7D363336B2D /* Assets.xcassets in Resources */ = {isa = PBXBuildFile; fileRef = A9B3E04102827C74346A5C25 /* Assets.xcassets */; };
		73AB46DA495D4BCBF29F4C81 /* LocationService.swift in Sources */ = {isa = PBXBuildFile; fileRef = 16688666BC97DFBF7FDA4CFB /* LocationService.swift */; };
		7699B67569E39A738236EC2D /* trail-crossing-segments.json in Resources */ = {isa = PBXBuildFile; fileRef = C5175CEDF36819537F540ABE /* trail-crossing-segments.json */; };
		97FB9CDE5C4B8DAC2E3CDB0F /* trail-proximity-auto-selection.json in Resources */ = {isa = PBXBuildFile; fileRef = CC6AE66170D10543FD58F007 /* trail-proximity-auto-selection.json */; };
		9CBC3486F6AF4557C36269A9 /* RoutePlanModels.swift in Sources */ = {isa = PBXBuildFile; fileRef = BA4047056C56412595C77135 /* RoutePlanModels.swift */; };
		9D9105A491AB74684F9121A1 /* RouteExport.swift in Sources */ = {isa = PBXBuildFile; fileRef = 9D9105A391AB74684F9121A1 /* RouteExport.swift */; };
		A797810601422B5CB207C8C6 /* BrowseViewModel.swift in Sources */ = {isa = PBXBuildFile; fileRef = 67CDBCB79F17E217AFB97120 /* BrowseViewModel.swift */; };
		BE414A6A350828C6BA0CF04B /* nearby-preview-selection.json in Resources */ = {isa = PBXBuildFile; fileRef = 52A32780BDE2F7E6350B399E /* nearby-preview-selection.json */; };
		BE81F6A0E726E532971168AA /* CrossCountryMapsWatch.app in Embed Watch Content */ = {isa = PBXBuildFile; fileRef = B10043845D617C73FE646FDD /* CrossCountryMapsWatch.app */; };
		C19BB6CF52957AB7F3F1842D /* CrossCountryMapsWatchApp.swift in Sources */ = {isa = PBXBuildFile; fileRef = C90064D714356D96F17DCBAF /* CrossCountryMapsWatchApp.swift */; };
		C87560287E548378B8EE026B /* FixtureLoader.swift in Sources */ = {isa = PBXBuildFile; fileRef = D8D3CC1F911553A0595F997D /* FixtureLoader.swift */; };
		D320924F6E881082838AE642 /* CrossCountryMapsApp.swift in Sources */ = {isa = PBXBuildFile; fileRef = 7BD77C88FE1F324F3593517B /* CrossCountryMapsApp.swift */; };
		D8A8F2D638D8044D781B6EB6 /* planning-ordered-anchors.json in Resources */ = {isa = PBXBuildFile; fileRef = CC3F297B711F74269C178F81 /* planning-ordered-anchors.json */; };
		DE8A31DF4AAF2A67464DE92F /* Assets.xcassets in Resources */ = {isa = PBXBuildFile; fileRef = 583E7F6C8CFB5500BA913E48 /* Assets.xcassets */; };
		E40D39C31F2A0F9CE5287B73 /* whole-feature-inspection-fallback.json in Resources */ = {isa = PBXBuildFile; fileRef = D2D2EC1F58C6F2E288632FAD /* whole-feature-inspection-fallback.json */; };
		E570E23FE1C068E681DE6DED /* BrowseContractTests.swift in Sources */ = {isa = PBXBuildFile; fileRef = EDB26E456444DE15DF361628 /* BrowseContractTests.swift */; };
		F2FD149DFE5AE709BDE23DEC /* trail-detail-summary.json in Resources */ = {isa = PBXBuildFile; fileRef = DC908B22E54481619D452934 /* trail-detail-summary.json */; };
		FBC8B16BA4E7436B04A1FBFC /* ContentView.swift in Sources */ = {isa = PBXBuildFile; fileRef = 866B0D9DC4E6ADAA91BD7A3F /* ContentView.swift */; };
		FBCD282ABF6C11E5C782AF10 /* TrailMapView.swift in Sources */ = {isa = PBXBuildFile; fileRef = 2F74900E40ACABFCFB1B72F1 /* TrailMapView.swift */; };
/* End PBXBuildFile section */

/* Begin PBXContainerItemProxy section */
		5A0C9B1DFA4D82FCBB9E1F90 /* PBXContainerItemProxy */ = {
			isa = PBXContainerItemProxy;
			containerPortal = 0A4CBA21294C85ECCB681A87 /* Project object */;
			proxyType = 1;
			remoteGlobalIDString = DB940431406112B6B06CCC3C;
			remoteInfo = CrossCountryMapsWatch;
		};
		C62546557946941A00DEF20C /* PBXContainerItemProxy */ = {
			isa = PBXContainerItemProxy;
			containerPortal = 0A4CBA21294C85ECCB681A87 /* Project object */;
			proxyType = 1;
			remoteGlobalIDString = 42B3A0F41B1475503EE77CE8;
			remoteInfo = CrossCountryMaps;
		};
/* End PBXContainerItemProxy section */

/* Begin PBXCopyFilesBuildPhase section */
		592CE631D377E93BB8A57A36 /* Embed Watch Content */ = {
			isa = PBXCopyFilesBuildPhase;
			buildActionMask = 2147483647;
			dstPath = "$(CONTENTS_FOLDER_PATH)/Watch";
			dstSubfolderSpec = 16;
			files = (
				BE81F6A0E726E532971168AA /* CrossCountryMapsWatch.app in Embed Watch Content */,
			);
			name = "Embed Watch Content";
			runOnlyForDeploymentPostprocessing = 0;
		};
/* End PBXCopyFilesBuildPhase section */

/* Begin PBXFileReference section */
		16688666BC97DFBF7FDA4CFB /* LocationService.swift */ = {isa = PBXFileReference; includeInIndex = 1; lastKnownFileType = sourcecode.swift; path = LocationService.swift; sourceTree = "<group>"; };
		1A65D0D0F1368EBD84C5B2AD /* AppConfig.swift */ = {isa = PBXFileReference; includeInIndex = 1; lastKnownFileType = sourcecode.swift; path = AppConfig.swift; sourceTree = "<group>"; };
		2F74900E40ACABFCFB1B72F1 /* TrailMapView.swift */ = {isa = PBXFileReference; includeInIndex = 1; lastKnownFileType = sourcecode.swift; path = TrailMapView.swift; sourceTree = "<group>"; };
		3421DF2A3086891AE8F2CF05 /* BrowseModels.swift */ = {isa = PBXFileReference; includeInIndex = 1; lastKnownFileType = sourcecode.swift; path = BrowseModels.swift; sourceTree = "<group>"; };
		3EE227589903682313B4BB7C /* PlanningPanel.swift */ = {isa = PBXFileReference; includeInIndex = 1; lastKnownFileType = sourcecode.swift; path = PlanningPanel.swift; sourceTree = "<group>"; };
		41E7EAF5750E180DD11E45C2 /* Info.plist */ = {isa = PBXFileReference; includeInIndex = 1; lastKnownFileType = text.plist.xml; path = Info.plist; sourceTree = "<group>"; };
		4966F3FF4BFAC13EFB8B055D /* CrossCountryMapsTests.xctest */ = {isa = PBXFileReference; explicitFileType = wrapper.cfbundle; includeInIndex = 0; path = CrossCountryMapsTests.xctest; sourceTree = BUILT_PRODUCTS_DIR; };
		52A32780BDE2F7E6350B399E /* nearby-preview-selection.json */ = {isa = PBXFileReference; includeInIndex = 1; path = "nearby-preview-selection.json"; sourceTree = "<group>"; };
		583E7F6C8CFB5500BA913E48 /* Assets.xcassets */ = {isa = PBXFileReference; includeInIndex = 1; lastKnownFileType = folder.assetcatalog; path = Assets.xcassets; sourceTree = "<group>"; };
		5D53A787AD4DB50C6341DE9D /* Release.xcconfig */ = {isa = PBXFileReference; includeInIndex = 1; lastKnownFileType = text.xcconfig; path = Release.xcconfig; sourceTree = "<group>"; };
		67CDBCB79F17E217AFB97120 /* BrowseViewModel.swift */ = {isa = PBXFileReference; includeInIndex = 1; lastKnownFileType = sourcecode.swift; path = BrowseViewModel.swift; sourceTree = "<group>"; };
		7BD77C88FE1F324F3593517B /* CrossCountryMapsApp.swift */ = {isa = PBXFileReference; includeInIndex = 1; lastKnownFileType = sourcecode.swift; path = CrossCountryMapsApp.swift; sourceTree = "<group>"; };
		866B0D9DC4E6ADAA91BD7A3F /* ContentView.swift */ = {isa = PBXFileReference; includeInIndex = 1; lastKnownFileType = sourcecode.swift; path = ContentView.swift; sourceTree = "<group>"; };
		8E99E4EBE6C83D143B1FB821 /* Info.plist */ = {isa = PBXFileReference; includeInIndex = 1; lastKnownFileType = text.plist.xml; path = Info.plist; sourceTree = "<group>"; };
		A976DB7912080A9359A42657 /* crossing-interval-inspection.json */ = {isa = PBXFileReference; includeInIndex = 1; path = "crossing-interval-inspection.json"; sourceTree = "<group>"; };
		A9B3E04102827C74346A5C25 /* Assets.xcassets */ = {isa = PBXFileReference; includeInIndex = 1; lastKnownFileType = folder.assetcatalog; path = Assets.xcassets; sourceTree = "<group>"; };
		B10043845D617C73FE646FDD /* CrossCountryMapsWatch.app */ = {isa = PBXFileReference; explicitFileType = wrapper.application; includeInIndex = 0; path = CrossCountryMapsWatch.app; sourceTree = BUILT_PRODUCTS_DIR; };
		B7B2FEC43BC0EF45D127E19A /* Base.xcconfig */ = {isa = PBXFileReference; includeInIndex = 1; lastKnownFileType = text.xcconfig; path = Base.xcconfig; sourceTree = "<group>"; };
		BA4047056C56412595C77135 /* RoutePlanModels.swift */ = {isa = PBXFileReference; includeInIndex = 1; lastKnownFileType = sourcecode.swift; path = RoutePlanModels.swift; sourceTree = "<group>"; };
		9D9105A391AB74684F9121A1 /* RouteExport.swift */ = {isa = PBXFileReference; includeInIndex = 1; lastKnownFileType = sourcecode.swift; path = RouteExport.swift; sourceTree = "<group>"; };
		BAE3E55E59417244266E684F /* default-destination-fallback.json */ = {isa = PBXFileReference; includeInIndex = 1; path = "default-destination-fallback.json"; sourceTree = "<group>"; };
		C5175CEDF36819537F540ABE /* trail-crossing-segments.json */ = {isa = PBXFileReference; includeInIndex = 1; path = "trail-crossing-segments.json"; sourceTree = "<group>"; };
		C90064D714356D96F17DCBAF /* CrossCountryMapsWatchApp.swift */ = {isa = PBXFileReference; includeInIndex = 1; lastKnownFileType = sourcecode.swift; path = CrossCountryMapsWatchApp.swift; sourceTree = "<group>"; };
		CB1AA07079DB9A3FA0ED691D /* PlanningContractTests.swift */ = {isa = PBXFileReference; includeInIndex = 1; lastKnownFileType = sourcecode.swift; path = PlanningContractTests.swift; sourceTree = "<group>"; };
		CC3F297B711F74269C178F81 /* planning-ordered-anchors.json */ = {isa = PBXFileReference; includeInIndex = 1; path = "planning-ordered-anchors.json"; sourceTree = "<group>"; };
		CC6AE66170D10543FD58F007 /* trail-proximity-auto-selection.json */ = {isa = PBXFileReference; includeInIndex = 1; path = "trail-proximity-auto-selection.json"; sourceTree = "<group>"; };
		D2D2EC1F58C6F2E288632FAD /* whole-feature-inspection-fallback.json */ = {isa = PBXFileReference; includeInIndex = 1; path = "whole-feature-inspection-fallback.json"; sourceTree = "<group>"; };
		D8D3CC1F911553A0595F997D /* FixtureLoader.swift */ = {isa = PBXFileReference; includeInIndex = 1; lastKnownFileType = sourcecode.swift; path = FixtureLoader.swift; sourceTree = "<group>"; };
		DC908B22E54481619D452934 /* trail-detail-summary.json */ = {isa = PBXFileReference; includeInIndex = 1; path = "trail-detail-summary.json"; sourceTree = "<group>"; };
		E2334348096308B55FE4C36B /* WatchRootView.swift */ = {isa = PBXFileReference; includeInIndex = 1; lastKnownFileType = sourcecode.swift; path = WatchRootView.swift; sourceTree = "<group>"; };
		EDB26E456444DE15DF361628 /* BrowseContractTests.swift */ = {isa = PBXFileReference; includeInIndex = 1; lastKnownFileType = sourcecode.swift; path = BrowseContractTests.swift; sourceTree = "<group>"; };
		F1C8E2BB2B7F648F9CAC0C24 /* Debug.xcconfig */ = {isa = PBXFileReference; includeInIndex = 1; lastKnownFileType = text.xcconfig; path = Debug.xcconfig; sourceTree = "<group>"; };
		F6A1153F290C025F98FD3574 /* CrossCountryMaps.app */ = {isa = PBXFileReference; explicitFileType = wrapper.application; includeInIndex = 0; path = CrossCountryMaps.app; sourceTree = BUILT_PRODUCTS_DIR; };
/* End PBXFileReference section */

/* Begin PBXFrameworksBuildPhase section */
		2433AAA108733AB961AEE1C8 /* Frameworks */ = {
			isa = PBXFrameworksBuildPhase;
			buildActionMask = 2147483647;
			files = (
			);
			runOnlyForDeploymentPostprocessing = 0;
		};
		53B7CA662209335BB6D8A669 /* Frameworks */ = {
			isa = PBXFrameworksBuildPhase;
			buildActionMask = 2147483647;
			files = (
			);
			runOnlyForDeploymentPostprocessing = 0;
		};
		BD2582E19C36DD7C2652DF7C /* Frameworks */ = {
			isa = PBXFrameworksBuildPhase;
			buildActionMask = 2147483647;
			files = (
			);
			runOnlyForDeploymentPostprocessing = 0;
		};
/* End PBXFrameworksBuildPhase section */

/* Begin PBXGroup section */
		415F5900EB05D0D093446523 /* CrossCountryMapsTests */ = {
			isa = PBXGroup;
			children = (
				E1C5633F106530897864ECA7 /* BrowseContractFixtures */,
				66E009BE82B5EFF262B18BB0 /* PlanningContractFixtures */,
				EDB26E456444DE15DF361628 /* BrowseContractTests.swift */,
				CB1AA07079DB9A3FA0ED691D /* PlanningContractTests.swift */,
				D8D3CC1F911553A0595F997D /* FixtureLoader.swift */,
			);
			name = CrossCountryMapsTests;
			path = CrossCountryMapsTests;
			sourceTree = "<group>";
		};
		8A1B88A62554D31AA4805847 /* iOS */ = {
			isa = PBXGroup;
			children = (
			);
			name = iOS;
			sourceTree = "<group>";
		};
		91AC6B976E87BB0D890A2DCE /* Config */ = {
			isa = PBXGroup;
			children = (
				B7B2FEC43BC0EF45D127E19A /* Base.xcconfig */,
				F1C8E2BB2B7F648F9CAC0C24 /* Debug.xcconfig */,
				5D53A787AD4DB50C6341DE9D /* Release.xcconfig */,
			);
			name = Config;
			path = Config;
			sourceTree = "<group>";
		};
		ACEE1C57E0402005E1D7135A /* Frameworks */ = {
			isa = PBXGroup;
			children = (
				8A1B88A62554D31AA4805847 /* iOS */,
				DCFA01B0C9D31CCB6C765C2A /* watchOS */,
			);
			name = Frameworks;
			sourceTree = "<group>";
		};
		C60DE6BCDEB90B0ABF946CFC /* CrossCountryMaps */ = {
			isa = PBXGroup;
			children = (
				7BD77C88FE1F324F3593517B /* CrossCountryMapsApp.swift */,
				1A65D0D0F1368EBD84C5B2AD /* AppConfig.swift */,
				3421DF2A3086891AE8F2CF05 /* BrowseModels.swift */,
				BA4047056C56412595C77135 /* RoutePlanModels.swift */,
				9D9105A391AB74684F9121A1 /* RouteExport.swift */,
				16688666BC97DFBF7FDA4CFB /* LocationService.swift */,
				67CDBCB79F17E217AFB97120 /* BrowseViewModel.swift */,
				2F74900E40ACABFCFB1B72F1 /* TrailMapView.swift */,
				866B0D9DC4E6ADAA91BD7A3F /* ContentView.swift */,
				3EE227589903682313B4BB7C /* PlanningPanel.swift */,
				583E7F6C8CFB5500BA913E48 /* Assets.xcassets */,
				41E7EAF5750E180DD11E45C2 /* Info.plist */,
			);
			name = CrossCountryMaps;
			path = CrossCountryMaps;
			sourceTree = "<group>";
		};
		C93454FAB72C8D08EED50A55 /* Products */ = {
			isa = PBXGroup;
			children = (
				F6A1153F290C025F98FD3574 /* CrossCountryMaps.app */,
				B10043845D617C73FE646FDD /* CrossCountryMapsWatch.app */,
				4966F3FF4BFAC13EFB8B055D /* CrossCountryMapsTests.xctest */,
			);
			name = Products;
			sourceTree = "<group>";
		};
		DCFA01B0C9D31CCB6C765C2A /* watchOS */ = {
			isa = PBXGroup;
			children = (
			);
			name = watchOS;
			sourceTree = "<group>";
		};
		E1C5633F106530897864ECA7 /* BrowseContractFixtures */ = {
			isa = PBXGroup;
			children = (
				A976DB7912080A9359A42657 /* crossing-interval-inspection.json */,
				BAE3E55E59417244266E684F /* default-destination-fallback.json */,
				52A32780BDE2F7E6350B399E /* nearby-preview-selection.json */,
				C5175CEDF36819537F540ABE /* trail-crossing-segments.json */,
				DC908B22E54481619D452934 /* trail-detail-summary.json */,
				CC6AE66170D10543FD58F007 /* trail-proximity-auto-selection.json */,
				D2D2EC1F58C6F2E288632FAD /* whole-feature-inspection-fallback.json */,
			);
			name = BrowseContractFixtures;
			path = "../../../tests/fixtures/browse-contract";
			sourceTree = "<group>";
		};
		66E009BE82B5EFF262B18BB0 /* PlanningContractFixtures */ = {
			isa = PBXGroup;
			children = (
				CC3F297B711F74269C178F81 /* planning-ordered-anchors.json */,
			);
			name = PlanningContractFixtures;
			path = "../../../tests/fixtures/planning-contract";
			sourceTree = "<group>";
		};
		E1CB15354FF682E209E94686 = {
			isa = PBXGroup;
			children = (
				C93454FAB72C8D08EED50A55 /* Products */,
				ACEE1C57E0402005E1D7135A /* Frameworks */,
				91AC6B976E87BB0D890A2DCE /* Config */,
				C60DE6BCDEB90B0ABF946CFC /* CrossCountryMaps */,
				E4C1AACEF0A896280C5EDDB1 /* CrossCountryMapsWatch */,
				415F5900EB05D0D093446523 /* CrossCountryMapsTests */,
			);
			sourceTree = "<group>";
		};
		E4C1AACEF0A896280C5EDDB1 /* CrossCountryMapsWatch */ = {
			isa = PBXGroup;
			children = (
				C90064D714356D96F17DCBAF /* CrossCountryMapsWatchApp.swift */,
				E2334348096308B55FE4C36B /* WatchRootView.swift */,
				A9B3E04102827C74346A5C25 /* Assets.xcassets */,
				8E99E4EBE6C83D143B1FB821 /* Info.plist */,
			);
			name = CrossCountryMapsWatch;
			path = CrossCountryMapsWatch;
			sourceTree = "<group>";
		};
/* End PBXGroup section */

/* Begin PBXNativeTarget section */
		2F7BA55454CE40181AD8912C /* CrossCountryMapsTests */ = {
			isa = PBXNativeTarget;
			buildConfigurationList = D882ED99F12FC3D1EF1CD837 /* Build configuration list for PBXNativeTarget "CrossCountryMapsTests" */;
			buildPhases = (
				2550D7F1BDE920B67F8AC379 /* Sources */,
				BD2582E19C36DD7C2652DF7C /* Frameworks */,
				A138515BCD9184984513F235 /* Resources */,
			);
			buildRules = (
			);
			dependencies = (
				375341A56675CA4E7274D9E5 /* PBXTargetDependency */,
			);
			name = CrossCountryMapsTests;
			productName = CrossCountryMapsTests;
			productReference = 4966F3FF4BFAC13EFB8B055D /* CrossCountryMapsTests.xctest */;
			productType = "com.apple.product-type.bundle.unit-test";
		};
		42B3A0F41B1475503EE77CE8 /* CrossCountryMaps */ = {
			isa = PBXNativeTarget;
			buildConfigurationList = 2A75C15F9C6658EF1EEB5EFB /* Build configuration list for PBXNativeTarget "CrossCountryMaps" */;
			buildPhases = (
				4FA99CF3EB197243526F1001 /* Sources */,
				2433AAA108733AB961AEE1C8 /* Frameworks */,
				C7CBB2BB2F01FAAA3990EA5A /* Resources */,
				592CE631D377E93BB8A57A36 /* Embed Watch Content */,
			);
			buildRules = (
			);
			dependencies = (
				029A375787D248918F6A6C1A /* PBXTargetDependency */,
			);
			name = CrossCountryMaps;
			productName = CrossCountryMaps;
			productReference = F6A1153F290C025F98FD3574 /* CrossCountryMaps.app */;
			productType = "com.apple.product-type.application";
		};
		DB940431406112B6B06CCC3C /* CrossCountryMapsWatch */ = {
			isa = PBXNativeTarget;
			buildConfigurationList = B1C61AFC56F4A008DE4E7E21 /* Build configuration list for PBXNativeTarget "CrossCountryMapsWatch" */;
			buildPhases = (
				606B8C580CA64EA27D06B68C /* Sources */,
				53B7CA662209335BB6D8A669 /* Frameworks */,
				01109DB9507F1DE75B47183F /* Resources */,
			);
			buildRules = (
			);
			dependencies = (
			);
			name = CrossCountryMapsWatch;
			productName = CrossCountryMapsWatch;
			productReference = B10043845D617C73FE646FDD /* CrossCountryMapsWatch.app */;
			productType = "com.apple.product-type.application";
		};
/* End PBXNativeTarget section */

/* Begin PBXProject section */
		0A4CBA21294C85ECCB681A87 /* Project object */ = {
			isa = PBXProject;
			attributes = {
				LastSwiftUpdateCheck = 1600;
				LastUpgradeCheck = 1600;
				TargetAttributes = {
					2F7BA55454CE40181AD8912C = {
						CreatedOnToolsVersion = 16.2;
						TestTargetID = 42B3A0F41B1475503EE77CE8;
					};
					42B3A0F41B1475503EE77CE8 = {
						CreatedOnToolsVersion = 16.2;
					};
					DB940431406112B6B06CCC3C = {
						CreatedOnToolsVersion = 16.2;
					};
				};
			};
			buildConfigurationList = 9080C2472839378150FFD5B0 /* Build configuration list for PBXProject "CrossCountryMaps" */;
			compatibilityVersion = "Xcode 16.0";
			developmentRegion = en;
			hasScannedForEncodings = 0;
			knownRegions = (
				en,
				Base,
			);
			mainGroup = E1CB15354FF682E209E94686;
			minimizedProjectReferenceProxies = 0;
			preferredProjectObjectVersion = 77;
			productRefGroup = C93454FAB72C8D08EED50A55 /* Products */;
			projectDirPath = "";
			projectRoot = "";
			targets = (
				42B3A0F41B1475503EE77CE8 /* CrossCountryMaps */,
				DB940431406112B6B06CCC3C /* CrossCountryMapsWatch */,
				2F7BA55454CE40181AD8912C /* CrossCountryMapsTests */,
			);
		};
/* End PBXProject section */

/* Begin PBXResourcesBuildPhase section */
		01109DB9507F1DE75B47183F /* Resources */ = {
			isa = PBXResourcesBuildPhase;
			buildActionMask = 2147483647;
			files = (
				6589FD79DC4EB7D363336B2D /* Assets.xcassets in Resources */,
			);
			runOnlyForDeploymentPostprocessing = 0;
		};
		A138515BCD9184984513F235 /* Resources */ = {
			isa = PBXResourcesBuildPhase;
			buildActionMask = 2147483647;
			files = (
				51856EF4ADC7716004857868 /* crossing-interval-inspection.json in Resources */,
				4C14AEEB66A637EB8AFA200D /* default-destination-fallback.json in Resources */,
				BE414A6A350828C6BA0CF04B /* nearby-preview-selection.json in Resources */,
				7699B67569E39A738236EC2D /* trail-crossing-segments.json in Resources */,
				F2FD149DFE5AE709BDE23DEC /* trail-detail-summary.json in Resources */,
				97FB9CDE5C4B8DAC2E3CDB0F /* trail-proximity-auto-selection.json in Resources */,
				E40D39C31F2A0F9CE5287B73 /* whole-feature-inspection-fallback.json in Resources */,
				D8A8F2D638D8044D781B6EB6 /* planning-ordered-anchors.json in Resources */,
			);
			runOnlyForDeploymentPostprocessing = 0;
		};
		C7CBB2BB2F01FAAA3990EA5A /* Resources */ = {
			isa = PBXResourcesBuildPhase;
			buildActionMask = 2147483647;
			files = (
				DE8A31DF4AAF2A67464DE92F /* Assets.xcassets in Resources */,
			);
			runOnlyForDeploymentPostprocessing = 0;
		};
/* End PBXResourcesBuildPhase section */

/* Begin PBXSourcesBuildPhase section */
		2550D7F1BDE920B67F8AC379 /* Sources */ = {
			isa = PBXSourcesBuildPhase;
			buildActionMask = 2147483647;
			files = (
				E570E23FE1C068E681DE6DED /* BrowseContractTests.swift in Sources */,
				5304865C5961811BD71D0793 /* PlanningContractTests.swift in Sources */,
				C87560287E548378B8EE026B /* FixtureLoader.swift in Sources */,
			);
			runOnlyForDeploymentPostprocessing = 0;
		};
		4FA99CF3EB197243526F1001 /* Sources */ = {
			isa = PBXSourcesBuildPhase;
			buildActionMask = 2147483647;
			files = (
				D320924F6E881082838AE642 /* CrossCountryMapsApp.swift in Sources */,
				639BC3D1840A8CFD84D80F74 /* AppConfig.swift in Sources */,
				41F282BD90E66A9AD9A5861F /* BrowseModels.swift in Sources */,
				9CBC3486F6AF4557C36269A9 /* RoutePlanModels.swift in Sources */,
				9D9105A491AB74684F9121A1 /* RouteExport.swift in Sources */,
				73AB46DA495D4BCBF29F4C81 /* LocationService.swift in Sources */,
				A797810601422B5CB207C8C6 /* BrowseViewModel.swift in Sources */,
				FBCD282ABF6C11E5C782AF10 /* TrailMapView.swift in Sources */,
				FBC8B16BA4E7436B04A1FBFC /* ContentView.swift in Sources */,
				4A81169B92C6860E0F9A0063 /* PlanningPanel.swift in Sources */,
			);
			runOnlyForDeploymentPostprocessing = 0;
		};
		606B8C580CA64EA27D06B68C /* Sources */ = {
			isa = PBXSourcesBuildPhase;
			buildActionMask = 2147483647;
			files = (
				C19BB6CF52957AB7F3F1842D /* CrossCountryMapsWatchApp.swift in Sources */,
				5F89979F73CCA8C5CEB97F53 /* WatchRootView.swift in Sources */,
			);
			runOnlyForDeploymentPostprocessing = 0;
		};
/* End PBXSourcesBuildPhase section */

/* Begin PBXTargetDependency section */
		029A375787D248918F6A6C1A /* PBXTargetDependency */ = {
			isa = PBXTargetDependency;
			name = CrossCountryMapsWatch;
			target = DB940431406112B6B06CCC3C /* CrossCountryMapsWatch */;
			targetProxy = 5A0C9B1DFA4D82FCBB9E1F90 /* PBXContainerItemProxy */;
		};
		375341A56675CA4E7274D9E5 /* PBXTargetDependency */ = {
			isa = PBXTargetDependency;
			name = CrossCountryMaps;
			target = 42B3A0F41B1475503EE77CE8 /* CrossCountryMaps */;
			targetProxy = C62546557946941A00DEF20C /* PBXContainerItemProxy */;
		};
/* End PBXTargetDependency section */

/* Begin XCBuildConfiguration section */
		004A56F58B7D05662E809E43 /* Release */ = {
			isa = XCBuildConfiguration;
			baseConfigurationReference = 5D53A787AD4DB50C6341DE9D /* Release.xcconfig */;
			buildSettings = {
				ASSETCATALOG_COMPILER_APPICON_NAME = AppIcon;
				ASSETCATALOG_COMPILER_GLOBAL_ACCENT_COLOR_NAME = AccentColor;
				CLANG_ENABLE_OBJC_WEAK = NO;
				CODE_SIGN_ENTITLEMENTS = "";
				INFOPLIST_FILE = CrossCountryMaps/Info.plist;
				IPHONEOS_DEPLOYMENT_TARGET = 17.0;
				LD_RUNPATH_SEARCH_PATHS = (
					"$(inherited)",
					"@executable_path/Frameworks",
				);
				PRODUCT_BUNDLE_IDENTIFIER = "$(IOS_APP_BUNDLE_IDENTIFIER)";
				SDKROOT = iphoneos;
				SUPPORTED_PLATFORMS = "iphonesimulator iphoneos";
				SUPPORTS_MAC_DESIGNED_FOR_IPHONE_IPAD = NO;
				SWIFT_EMIT_LOC_STRINGS = YES;
				TARGETED_DEVICE_FAMILY = 1;
				VALIDATE_PRODUCT = YES;
			};
			name = Release;
		};
		1B400002FC8B5877FA0E63F3 /* Release */ = {
			isa = XCBuildConfiguration;
			baseConfigurationReference = 5D53A787AD4DB50C6341DE9D /* Release.xcconfig */;
			buildSettings = {
				ASSETCATALOG_COMPILER_APPICON_NAME = AppIcon;
				ASSETCATALOG_COMPILER_GLOBAL_ACCENT_COLOR_NAME = AccentColor;
				CODE_SIGN_ENTITLEMENTS = "";
				INFOPLIST_FILE = CrossCountryMapsWatch/Info.plist;
				LD_RUNPATH_SEARCH_PATHS = (
					"$(inherited)",
					"@executable_path/Frameworks",
				);
				PRODUCT_BUNDLE_IDENTIFIER = "$(WATCH_APP_BUNDLE_IDENTIFIER)";
				SDKROOT = watchos;
				SKIP_INSTALL = YES;
				SUPPORTED_PLATFORMS = "watchsimulator watchos";
				SWIFT_EMIT_LOC_STRINGS = YES;
				TARGETED_DEVICE_FAMILY = 4;
				VALIDATE_PRODUCT = YES;
				WATCHOS_DEPLOYMENT_TARGET = 10.0;
			};
			name = Release;
		};
		3E31D8BBC1E3752FE4C71BE8 /* Debug */ = {
			isa = XCBuildConfiguration;
			baseConfigurationReference = F1C8E2BB2B7F648F9CAC0C24 /* Debug.xcconfig */;
			buildSettings = {
				ALWAYS_SEARCH_USER_PATHS = NO;
				CLANG_ANALYZER_NONNULL = YES;
				CLANG_ANALYZER_NUMBER_OBJECT_CONVERSION = YES_AGGRESSIVE;
				CLANG_CXX_LANGUAGE_STANDARD = "gnu++14";
				CLANG_CXX_LIBRARY = "libc++";
				CLANG_ENABLE_MODULES = YES;
				CLANG_ENABLE_OBJC_ARC = YES;
				CLANG_ENABLE_OBJC_WEAK = YES;
				CLANG_WARN_BLOCK_CAPTURE_AUTORELEASING = YES;
				CLANG_WARN_BOOL_CONVERSION = YES;
				CLANG_WARN_COMMA = YES;
				CLANG_WARN_CONSTANT_CONVERSION = YES;
				CLANG_WARN_DEPRECATED_OBJC_IMPLEMENTATIONS = YES;
				CLANG_WARN_DIRECT_OBJC_ISA_USAGE = YES_ERROR;
				CLANG_WARN_DOCUMENTATION_COMMENTS = YES;
				CLANG_WARN_EMPTY_BODY = YES;
				CLANG_WARN_ENUM_CONVERSION = YES;
				CLANG_WARN_INFINITE_RECURSION = YES;
				CLANG_WARN_INT_CONVERSION = YES;
				CLANG_WARN_NON_LITERAL_NULL_CONVERSION = YES;
				CLANG_WARN_OBJC_IMPLICIT_RETAIN_SELF = YES;
				CLANG_WARN_OBJC_LITERAL_CONVERSION = YES;
				CLANG_WARN_OBJC_ROOT_CLASS = YES_ERROR;
				CLANG_WARN_QUOTED_INCLUDE_IN_FRAMEWORK_HEADER = YES;
				CLANG_WARN_RANGE_LOOP_ANALYSIS = YES;
				CLANG_WARN_STRICT_PROTOTYPES = YES;
				CLANG_WARN_SUSPICIOUS_MOVE = YES;
				CLANG_WARN_UNGUARDED_AVAILABILITY = YES_AGGRESSIVE;
				CLANG_WARN_UNREACHABLE_CODE = YES;
				CLANG_WARN__DUPLICATE_METHOD_MATCH = YES;
				COPY_PHASE_STRIP = NO;
				DEBUG_INFORMATION_FORMAT = dwarf;
				ENABLE_STRICT_OBJC_MSGSEND = YES;
				ENABLE_TESTABILITY = YES;
				GCC_C_LANGUAGE_STANDARD = gnu11;
				GCC_DYNAMIC_NO_PIC = NO;
				GCC_NO_COMMON_BLOCKS = YES;
				GCC_OPTIMIZATION_LEVEL = 0;
				GCC_PREPROCESSOR_DEFINITIONS = (
					"DEBUG=1",
					"$(inherited)",
				);
				GCC_WARN_64_TO_32_BIT_CONVERSION = YES;
				GCC_WARN_ABOUT_RETURN_TYPE = YES_ERROR;
				GCC_WARN_UNDECLARED_SELECTOR = YES;
				GCC_WARN_UNINITIALIZED_AUTOS = YES_AGGRESSIVE;
				GCC_WARN_UNUSED_FUNCTION = YES;
				GCC_WARN_UNUSED_VARIABLE = YES;
				MTL_ENABLE_DEBUG_INFO = INCLUDE_SOURCE;
				MTL_FAST_MATH = YES;
				ONLY_ACTIVE_ARCH = YES;
				PRODUCT_NAME = "$(TARGET_NAME)";
				SWIFT_ACTIVE_COMPILATION_CONDITIONS = DEBUG;
				SWIFT_OPTIMIZATION_LEVEL = "-Onone";
				SWIFT_VERSION = 5.0;
			};
			name = Debug;
		};
		5F9944CFB4194C3DB7A85376 /* Debug */ = {
			isa = XCBuildConfiguration;
			baseConfigurationReference = F1C8E2BB2B7F648F9CAC0C24 /* Debug.xcconfig */;
			buildSettings = {
				BUNDLE_LOADER = "$(TEST_HOST)";
				CLANG_ENABLE_OBJC_WEAK = NO;
				GENERATE_INFOPLIST_FILE = YES;
				IPHONEOS_DEPLOYMENT_TARGET = 17.0;
				LD_RUNPATH_SEARCH_PATHS = (
					"$(inherited)",
					"@executable_path/Frameworks",
					"@loader_path/Frameworks",
				);
				PRODUCT_BUNDLE_IDENTIFIER = "$(IOS_TEST_BUNDLE_IDENTIFIER)";
				SDKROOT = iphoneos;
				SUPPORTED_PLATFORMS = "iphonesimulator iphoneos";
				SWIFT_EMIT_LOC_STRINGS = NO;
				TARGETED_DEVICE_FAMILY = 1;
				TEST_HOST = "$(BUILT_PRODUCTS_DIR)/CrossCountryMaps.app/$(BUNDLE_EXECUTABLE_FOLDER_PATH)/CrossCountryMaps";
			};
			name = Debug;
		};
		83B1F4C954D6AD804DE79996 /* Release */ = {
			isa = XCBuildConfiguration;
			baseConfigurationReference = 5D53A787AD4DB50C6341DE9D /* Release.xcconfig */;
			buildSettings = {
				BUNDLE_LOADER = "$(TEST_HOST)";
				CLANG_ENABLE_OBJC_WEAK = NO;
				GENERATE_INFOPLIST_FILE = YES;
				IPHONEOS_DEPLOYMENT_TARGET = 17.0;
				LD_RUNPATH_SEARCH_PATHS = (
					"$(inherited)",
					"@executable_path/Frameworks",
					"@loader_path/Frameworks",
				);
				PRODUCT_BUNDLE_IDENTIFIER = "$(IOS_TEST_BUNDLE_IDENTIFIER)";
				SDKROOT = iphoneos;
				SUPPORTED_PLATFORMS = "iphonesimulator iphoneos";
				SWIFT_EMIT_LOC_STRINGS = NO;
				TARGETED_DEVICE_FAMILY = 1;
				TEST_HOST = "$(BUILT_PRODUCTS_DIR)/CrossCountryMaps.app/$(BUNDLE_EXECUTABLE_FOLDER_PATH)/CrossCountryMaps";
				VALIDATE_PRODUCT = YES;
			};
			name = Release;
		};
		99652E698EB6B21F90A887D2 /* Release */ = {
			isa = XCBuildConfiguration;
			baseConfigurationReference = 5D53A787AD4DB50C6341DE9D /* Release.xcconfig */;
			buildSettings = {
				ALWAYS_SEARCH_USER_PATHS = NO;
				CLANG_ANALYZER_NONNULL = YES;
				CLANG_ANALYZER_NUMBER_OBJECT_CONVERSION = YES_AGGRESSIVE;
				CLANG_CXX_LANGUAGE_STANDARD = "gnu++14";
				CLANG_CXX_LIBRARY = "libc++";
				CLANG_ENABLE_MODULES = YES;
				CLANG_ENABLE_OBJC_ARC = YES;
				CLANG_ENABLE_OBJC_WEAK = YES;
				CLANG_WARN_BLOCK_CAPTURE_AUTORELEASING = YES;
				CLANG_WARN_BOOL_CONVERSION = YES;
				CLANG_WARN_COMMA = YES;
				CLANG_WARN_CONSTANT_CONVERSION = YES;
				CLANG_WARN_DEPRECATED_OBJC_IMPLEMENTATIONS = YES;
				CLANG_WARN_DIRECT_OBJC_ISA_USAGE = YES_ERROR;
				CLANG_WARN_DOCUMENTATION_COMMENTS = YES;
				CLANG_WARN_EMPTY_BODY = YES;
				CLANG_WARN_ENUM_CONVERSION = YES;
				CLANG_WARN_INFINITE_RECURSION = YES;
				CLANG_WARN_INT_CONVERSION = YES;
				CLANG_WARN_NON_LITERAL_NULL_CONVERSION = YES;
				CLANG_WARN_OBJC_IMPLICIT_RETAIN_SELF = YES;
				CLANG_WARN_OBJC_LITERAL_CONVERSION = YES;
				CLANG_WARN_OBJC_ROOT_CLASS = YES_ERROR;
				CLANG_WARN_QUOTED_INCLUDE_IN_FRAMEWORK_HEADER = YES;
				CLANG_WARN_RANGE_LOOP_ANALYSIS = YES;
				CLANG_WARN_STRICT_PROTOTYPES = YES;
				CLANG_WARN_SUSPICIOUS_MOVE = YES;
				CLANG_WARN_UNGUARDED_AVAILABILITY = YES_AGGRESSIVE;
				CLANG_WARN_UNREACHABLE_CODE = YES;
				CLANG_WARN__DUPLICATE_METHOD_MATCH = YES;
				COPY_PHASE_STRIP = NO;
				DEBUG_INFORMATION_FORMAT = "dwarf-with-dsym";
				ENABLE_NS_ASSERTIONS = NO;
				ENABLE_STRICT_OBJC_MSGSEND = YES;
				GCC_C_LANGUAGE_STANDARD = gnu11;
				GCC_NO_COMMON_BLOCKS = YES;
				GCC_WARN_64_TO_32_BIT_CONVERSION = YES;
				GCC_WARN_ABOUT_RETURN_TYPE = YES_ERROR;
				GCC_WARN_UNDECLARED_SELECTOR = YES;
				GCC_WARN_UNINITIALIZED_AUTOS = YES_AGGRESSIVE;
				GCC_WARN_UNUSED_FUNCTION = YES;
				GCC_WARN_UNUSED_VARIABLE = YES;
				MTL_ENABLE_DEBUG_INFO = NO;
				MTL_FAST_MATH = YES;
				PRODUCT_NAME = "$(TARGET_NAME)";
				SWIFT_COMPILATION_MODE = wholemodule;
				SWIFT_OPTIMIZATION_LEVEL = "-O";
				SWIFT_VERSION = 5.0;
			};
			name = Release;
		};
		E380B1072D02DA4A35385F56 /* Debug */ = {
			isa = XCBuildConfiguration;
			baseConfigurationReference = F1C8E2BB2B7F648F9CAC0C24 /* Debug.xcconfig */;
			buildSettings = {
				ASSETCATALOG_COMPILER_APPICON_NAME = AppIcon;
				ASSETCATALOG_COMPILER_GLOBAL_ACCENT_COLOR_NAME = AccentColor;
				CLANG_ENABLE_OBJC_WEAK = NO;
				CODE_SIGN_ENTITLEMENTS = "";
				INFOPLIST_FILE = CrossCountryMaps/Info.plist;
				IPHONEOS_DEPLOYMENT_TARGET = 17.0;
				LD_RUNPATH_SEARCH_PATHS = (
					"$(inherited)",
					"@executable_path/Frameworks",
				);
				PRODUCT_BUNDLE_IDENTIFIER = "$(IOS_APP_BUNDLE_IDENTIFIER)";
				SDKROOT = iphoneos;
				SUPPORTED_PLATFORMS = "iphonesimulator iphoneos";
				SUPPORTS_MAC_DESIGNED_FOR_IPHONE_IPAD = NO;
				SWIFT_EMIT_LOC_STRINGS = YES;
				TARGETED_DEVICE_FAMILY = 1;
			};
			name = Debug;
		};
		F91A7877532562C96226BDE6 /* Debug */ = {
			isa = XCBuildConfiguration;
			baseConfigurationReference = F1C8E2BB2B7F648F9CAC0C24 /* Debug.xcconfig */;
			buildSettings = {
				ASSETCATALOG_COMPILER_APPICON_NAME = AppIcon;
				ASSETCATALOG_COMPILER_GLOBAL_ACCENT_COLOR_NAME = AccentColor;
				CODE_SIGN_ENTITLEMENTS = "";
				INFOPLIST_FILE = CrossCountryMapsWatch/Info.plist;
				LD_RUNPATH_SEARCH_PATHS = (
					"$(inherited)",
					"@executable_path/Frameworks",
				);
				PRODUCT_BUNDLE_IDENTIFIER = "$(WATCH_APP_BUNDLE_IDENTIFIER)";
				SDKROOT = watchos;
				SKIP_INSTALL = YES;
				SUPPORTED_PLATFORMS = "watchsimulator watchos";
				SWIFT_EMIT_LOC_STRINGS = YES;
				TARGETED_DEVICE_FAMILY = 4;
				WATCHOS_DEPLOYMENT_TARGET = 10.0;
			};
			name = Debug;
		};
/* End XCBuildConfiguration section */

/* Begin XCConfigurationList section */
		2A75C15F9C6658EF1EEB5EFB /* Build configuration list for PBXNativeTarget "CrossCountryMaps" */ = {
			isa = XCConfigurationList;
			buildConfigurations = (
				004A56F58B7D05662E809E43 /* Release */,
				E380B1072D02DA4A35385F56 /* Debug */,
			);
			defaultConfigurationIsVisible = 0;
			defaultConfigurationName = Release;
		};
		9080C2472839378150FFD5B0 /* Build configuration list for PBXProject "CrossCountryMaps" */ = {
			isa = XCConfigurationList;
			buildConfigurations = (
				3E31D8BBC1E3752FE4C71BE8 /* Debug */,
				99652E698EB6B21F90A887D2 /* Release */,
			);
			defaultConfigurationIsVisible = 0;
			defaultConfigurationName = Release;
		};
		B1C61AFC56F4A008DE4E7E21 /* Build configuration list for PBXNativeTarget "CrossCountryMapsWatch" */ = {
			isa = XCConfigurationList;
			buildConfigurations = (
				1B400002FC8B5877FA0E63F3 /* Release */,
				F91A7877532562C96226BDE6 /* Debug */,
			);
			defaultConfigurationIsVisible = 0;
			defaultConfigurationName = Release;
		};
		D882ED99F12FC3D1EF1CD837 /* Build configuration list for PBXNativeTarget "CrossCountryMapsTests" */ = {
			isa = XCConfigurationList;
			buildConfigurations = (
				83B1F4C954D6AD804DE79996 /* Release */,
				5F9944CFB4194C3DB7A85376 /* Debug */,
			);
			defaultConfigurationIsVisible = 0;
			defaultConfigurationName = Release;
		};
/* End XCConfigurationList section */
	};
	rootObject = 0A4CBA21294C85ECCB681A87 /* Project object */;
}
